<Solution>
    <Folder Name="/src/">
        <Project Path="Mjolnir.Extensions.Railway/Mjolnir.Extensions.Railway.csproj"/>
        <Project Path="Mjolnir.Extensions.AspNetCore.Filtering/Mjolnir.Extensions.AspNetCore.Filtering.csproj" />
    </Folder>
    <Folder Name="/test/">
        <Project Path="Mjolnir.Extensions.AspNetCore.FilteringTest/Mjolnir.Extensions.AspNetCore.FilteringTest.csproj" />
    </Folder>
</Solution>
